
Microsoft Visual Studio Solution File, Format Version 12.00
# Visual Studio 14
VisualStudioVersion = 14.0.25420.1
MinimumVisualStudioVersion = 10.0.40219.1
Project("{FAE04EC0-301F-11D3-BF4B-00C04F79EFBC}") = "NoMasAcc2.0", "NoMasAcc2.0\NoMasAcc2.0.csproj", "{4C1CC01A-03C8-4516-98A2-28103775FC97}"
EndProject
Project("{FAE04EC0-301F-11D3-BF4B-00C04F79EFBC}") = "DALC_01", "DALC_01\DALC_01.csproj", "{FC8EB3E9-1228-4EC8-828A-6CAE13AD5413}"
EndProject
Global
	GlobalSection(SolutionConfigurationPlatforms) = preSolution
		Debug|Any CPU = Debug|Any CPU
		Release|Any CPU = Release|Any CPU
	EndGlobalSection
	GlobalSection(ProjectConfigurationPlatforms) = postSolution
		{4C1CC01A-03C8-4516-98A2-28103775FC97}.Debug|Any CPU.ActiveCfg = Debug|Any CPU
		{4C1CC01A-03C8-4516-98A2-28103775FC97}.Debug|Any CPU.Build.0 = Debug|Any CPU
		{4C1CC01A-03C8-4516-98A2-28103775FC97}.Release|Any CPU.ActiveCfg = Release|Any CPU
		{4C1CC01A-03C8-4516-98A2-28103775FC97}.Release|Any CPU.Build.0 = Release|Any CPU
		{FC8EB3E9-1228-4EC8-828A-6CAE13AD5413}.Debug|Any CPU.ActiveCfg = Debug|Any CPU
		{FC8EB3E9-1228-4EC8-828A-6CAE13AD5413}.Debug|Any CPU.Build.0 = Debug|Any CPU
		{FC8EB3E9-1228-4EC8-828A-6CAE13AD5413}.Release|Any CPU.ActiveCfg = Release|Any CPU
		{FC8EB3E9-1228-4EC8-828A-6CAE13AD5413}.Release|Any CPU.Build.0 = Release|Any CPU
	EndGlobalSection
	GlobalSection(SolutionProperties) = preSolution
		HideSolutionNode = FALSE
	EndGlobalSection
EndGlobal
